
Microsoft Visual Studio Solution File, Format Version 12.00
# Visual Studio Version 17
VisualStudioVersion = 17.13.35931.197 d17.13
MinimumVisualStudioVersion = 10.0.40219.1
Project("{FAE04EC0-301F-11D3-BF4B-00C04F79EFBC}") = "MauiAppHotel", "MauiAppHotel\MauiAppHotel.csproj", "{D2EABCDD-56D1-4AF6-8014-0D3DC62F1D2C}"
EndProject
Global
	GlobalSection(SolutionConfigurationPlatforms) = preSolution
		Debug|Any CPU = Debug|Any CPU
		Release|Any CPU = Release|Any CPU
	EndGlobalSection
	GlobalSection(ProjectConfigurationPlatforms) = postSolution
		{D2EABCDD-56D1-4AF6-8014-0D3DC62F1D2C}.Debug|Any CPU.ActiveCfg = Debug|Any CPU
		{D2EABCDD-56D1-4AF6-8014-0D3DC62F1D2C}.Debug|Any CPU.Build.0 = Debug|Any CPU
		{D2EABCDD-56D1-4AF6-8014-0D3DC62F1D2C}.Release|Any CPU.ActiveCfg = Release|Any CPU
		{D2EABCDD-56D1-4AF6-8014-0D3DC62F1D2C}.Release|Any CPU.Build.0 = Release|Any CPU
	EndGlobalSection
	GlobalSection(SolutionProperties) = preSolution
		HideSolutionNode = FALSE
	EndGlobalSection
	GlobalSection(ExtensibilityGlobals) = postSolution
		SolutionGuid = {CB04BCE9-A310-4B24-8D3C-C0BB3D8474B6}
	EndGlobalSection
EndGlobal
